<?xml version="1.0" encoding="utf-8"?>
<Project ToolsVersion="4.0" xmlns="http://schemas.microsoft.com/developer/msbuild/2003">
  <ItemGroup>
    <Filter Include="리소스 파일">
      <UniqueIdentifier>{67DA6AB6-F800-4c08-8B7A-83BB121AAD01}</UniqueIdentifier>
      <Extensions>rc;ico;cur;bmp;dlg;rc2;rct;bin;rgs;gif;jpg;jpeg;jpe;resx;tiff;tif;png;wav;mfcribbon-ms</Extensions>
    </Filter>
    <Filter Include="Core">
      <UniqueIdentifier>{4FC737F1-C7A5-4376-A066-2A32D752A2FF}</UniqueIdentifier>
      <Extensions>cpp;c;cc;cxx;def;odl;idl;hpj;bat;asm;asmx</Extensions>
    </Filter>
    <Filter Include="Programs">
      <UniqueIdentifier>{f6f45108-355d-4064-a46d-987d6e060f45}</UniqueIdentifier>
    </Filter>
    <Filter Include="Programs\DayOfTheProgrammer">
      <UniqueIdentifier>{95d24f80-d181-42ee-9f3a-1eb895d2b0d9}</UniqueIdentifier>
    </Filter>
  </ItemGroup>
  <ItemGroup>
    <ClCompile Include="Core\Main.cpp">
      <Filter>Core</Filter>
    </ClCompile>
    <ClCompile Include="Core\DayOfTheProgrammer.cpp">
      <Filter>Core</Filter>
    </ClCompile>
    <ClCompile Include="Core\Process.cpp">
      <Filter>Core</Filter>
    </ClCompile>
  </ItemGroup>
  <ItemGroup>
    <ClInclude Include="Core\stdafx.h">
      <Filter>Core</Filter>
    </ClInclude>
    <ClInclude Include="Core\Execute.h">
      <Filter>Core</Filter>
    </ClInclude>
    <ClInclude Include="Core\DayOfTheProgrammer.h">
      <Filter>Core</Filter>
    </ClInclude>
    <ClInclude Include="Core\Process.h">
      <Filter>Core</Filter>
    </ClInclude>
  </ItemGroup>
</Project>